
Microsoft Visual Studio Solution File, Format Version 11.00
# Visual Studio 2010
Project("{F184B08F-C81C-45F6-A57F-5ABD9991F28F}") = "calculator", "calculator\calculator.vbproj", "{D75C335E-D79A-41B5-B7AC-0BBE91815DD6}"
EndProject
Global
	GlobalSection(SolutionConfigurationPlatforms) = preSolution
		Debug|x86 = Debug|x86
		Release|x86 = Release|x86
	EndGlobalSection
	GlobalSection(ProjectConfigurationPlatforms) = postSolution
		{D75C335E-D79A-41B5-B7AC-0BBE91815DD6}.Debug|x86.ActiveCfg = Debug|x86
		{D75C335E-D79A-41B5-B7AC-0BBE91815DD6}.Debug|x86.Build.0 = Debug|x86
		{D75C335E-D79A-41B5-B7AC-0BBE91815DD6}.Release|x86.ActiveCfg = Release|x86
		{D75C335E-D79A-41B5-B7AC-0BBE91815DD6}.Release|x86.Build.0 = Release|x86
	EndGlobalSection
	GlobalSection(SolutionProperties) = preSolution
		HideSolutionNode = FALSE
	EndGlobalSection
EndGlobal
